// !$*UTF8*$!
{
	archiveVersion = 1;
	classes = {
	};
	objectVersion = 56;
	objects = {

/* Begin PBXBuildFile section */
		9BD8000529736CDE001FFFAF /* Assignment1Tests.swift in Sources */ = {isa = PBXBuildFile; fileRef = 9BD8000429736CDE001FFFAF /* Assignment1Tests.swift */; };
		9BD8000F29736CDE001FFFAF /* Assignment1UITests.swift in Sources */ = {isa = PBXBuildFile; fileRef = 9BD8000E29736CDE001FFFAF /* Assignment1UITests.swift */; };
		9BD8001129736CDE001FFFAF /* Assignment1UITestsLaunchTests.swift in Sources */ = {isa = PBXBuildFile; fileRef = 9BD8001029736CDE001FFFAF /* Assignment1UITestsLaunchTests.swift */; };
		9BD8FFEE29736CDD001FFFAF /* AppDelegate.swift in Sources */ = {isa = PBXBuildFile; fileRef = 9BD8FFED29736CDD001FFFAF /* AppDelegate.swift */; };
		9BD8FFF029736CDD001FFFAF /* SceneDelegate.swift in Sources */ = {isa = PBXBuildFile; fileRef = 9BD8FFEF29736CDD001FFFAF /* SceneDelegate.swift */; };
		9BD8FFF229736CDD001FFFAF /* ViewController.swift in Sources */ = {isa = PBXBuildFile; fileRef = 9BD8FFF129736CDD001FFFAF /* ViewController.swift */; };
		9BD8FFF529736CDD001FFFAF /* Main.storyboard in Resources */ = {isa = PBXBuildFile; fileRef = 9BD8FFF329736CDD001FFFAF /* Main.storyboard */; };
		9BD8FFF729736CDE001FFFAF /* Assets.xcassets in Resources */ = {isa = PBXBuildFile; fileRef = 9BD8FFF629736CDE001FFFAF /* Assets.xcassets */; };
		9BD8FFFA29736CDE001FFFAF /* LaunchScreen.storyboard in Resources */ = {isa = PBXBuildFile; fileRef = 9BD8FFF829736CDE001FFFAF /* LaunchScreen.storyboard */; };
/* End PBXBuildFile section */

/* Begin PBXContainerItemProxy section */
		9BD8000129736CDE001FFFAF /* PBXContainerItemProxy */ = {
			isa = PBXContainerItemProxy;
			containerPortal = 9BD8FFE229736CDD001FFFAF /* Project object */;
			proxyType = 1;
			remoteGlobalIDString = 9BD8FFE929736CDD001FFFAF;
			remoteInfo = Assignment1;
		};
		9BD8000B29736CDE001FFFAF /* PBXContainerItemProxy */ = {
			isa = PBXContainerItemProxy;
			containerPortal = 9BD8FFE229736CDD001FFFAF /* Project object */;
			proxyType = 1;
			remoteGlobalIDString = 9BD8FFE929736CDD001FFFAF;
			remoteInfo = Assignment1;
		};
/* End PBXContainerItemProxy section */

/* Begin PBXFileReference section */
		9BD8000029736CDE001FFFAF /* Assignment1Tests.xctest */ = {isa = PBXFileReference; explicitFileType = wrapper.cfbundle; includeInIndex = 0; path = Assignment1Tests.xctest; sourceTree = BUILT_PRODUCTS_DIR; };
		9BD8000429736CDE001FFFAF /* Assignment1Tests.swift */ = {isa = PBXFileReference; lastKnownFileType = sourcecode.swift; path = Assignment1Tests.swift; sourceTree = "<group>"; };
		9BD8000A29736CDE001FFFAF /* Assignment1UITests.xctest */ = {isa = PBXFileReference; explicitFileType = wrapper.cfbundle; includeInIndex = 0; path = Assignment1UITests.xctest; sourceTree = BUILT_PRODUCTS_DIR; };
		9BD8000E29736CDE001FFFAF /* Assignment1UITests.swift */ = {isa = PBXFileReference; lastKnownFileType = sourcecode.swift; path = Assignment1UITests.swift; sourceTree = "<group>"; };
		9BD8001029736CDE001FFFAF /* Assignment1UITestsLaunchTests.swift */ = {isa = PBXFileReference; lastKnownFileType = sourcecode.swift; path = Assignment1UITestsLaunchTests.swift; sourceTree = "<group>"; };
		9BD8FFEA29736CDD001FFFAF /* Assignment1.app */ = {isa = PBXFileReference; explicitFileType = wrapper.application; includeInIndex = 0; path = Assignment1.app; sourceTree = BUILT_PRODUCTS_DIR; };
		9BD8FFED29736CDD001FFFAF /* AppDelegate.swift */ = {isa = PBXFileReference; lastKnownFileType = sourcecode.swift; path = AppDelegate.swift; sourceTree = "<group>"; };
		9BD8FFEF29736CDD001FFFAF /* SceneDelegate.swift */ = {isa = PBXFileReference; lastKnownFileType = sourcecode.swift; path = SceneDelegate.swift; sourceTree = "<group>"; };
		9BD8FFF129736CDD001FFFAF /* ViewController.swift */ = {isa = PBXFileReference; lastKnownFileType = sourcecode.swift; path = ViewController.swift; sourceTree = "<group>"; };
		9BD8FFF429736CDD001FFFAF /* Base */ = {isa = PBXFileReference; lastKnownFileType = file.storyboard; name = Base; path = Base.lproj/Main.storyboard; sourceTree = "<group>"; };
		9BD8FFF629736CDE001FFFAF /* Assets.xcassets */ = {isa = PBXFileReference; lastKnownFileType = folder.assetcatalog; path = Assets.xcassets; sourceTree = "<group>"; };
		9BD8FFF929736CDE001FFFAF /* Base */ = {isa = PBXFileReference; lastKnownFileType = file.storyboard; name = Base; path = Base.lproj/LaunchScreen.storyboard; sourceTree = "<group>"; };
		9BD8FFFB29736CDE001FFFAF /* Info.plist */ = {isa = PBXFileReference; lastKnownFileType = text.plist.xml; path = Info.plist; sourceTree = "<group>"; };
/* End PBXFileReference section */

/* Begin PBXFrameworksBuildPhase section */
		9BD8000729736CDE001FFFAF /* Frameworks */ = {
			isa = PBXFrameworksBuildPhase;
			buildActionMask = 2147483647;
			files = (
			);
			runOnlyForDeploymentPostprocessing = 0;
		};
		9BD8FFE729736CDD001FFFAF /* Frameworks */ = {
			isa = PBXFrameworksBuildPhase;
			buildActionMask = 2147483647;
			files = (
			);
			runOnlyForDeploymentPostprocessing = 0;
		};
		9BD8FFFD29736CDE001FFFAF /* Frameworks */ = {
			isa = PBXFrameworksBuildPhase;
			buildActionMask = 2147483647;
			files = (
			);
			runOnlyForDeploymentPostprocessing = 0;
		};
/* End PBXFrameworksBuildPhase section */

/* Begin PBXGroup section */
		9BD8000329736CDE001FFFAF /* Assignment1Tests */ = {
			isa = PBXGroup;
			children = (
				9BD8000429736CDE001FFFAF /* Assignment1Tests.swift */,
			);
			path = Assignment1Tests;
			sourceTree = "<group>";
		};
		9BD8000D29736CDE001FFFAF /* Assignment1UITests */ = {
			isa = PBXGroup;
			children = (
				9BD8000E29736CDE001FFFAF /* Assignment1UITests.swift */,
				9BD8001029736CDE001FFFAF /* Assignment1UITestsLaunchTests.swift */,
			);
			path = Assignment1UITests;
			sourceTree = "<group>";
		};
		9BD8FFE129736CDD001FFFAF = {
			isa = PBXGroup;
			children = (
				9BD8FFEC29736CDD001FFFAF /* Assignment1 */,
				9BD8000329736CDE001FFFAF /* Assignment1Tests */,
				9BD8000D29736CDE001FFFAF /* Assignment1UITests */,
				9BD8FFEB29736CDD001FFFAF /* Products */,
			);
			sourceTree = "<group>";
		};
		9BD8FFEB29736CDD001FFFAF /* Products */ = {
			isa = PBXGroup;
			children = (
				9BD8FFEA29736CDD001FFFAF /* Assignment1.app */,
				9BD8000029736CDE001FFFAF /* Assignment1Tests.xctest */,
				9BD8000A29736CDE001FFFAF /* Assignment1UITests.xctest */,
			);
			name = Products;
			sourceTree = "<group>";
		};
		9BD8FFEC29736CDD001FFFAF /* Assignment1 */ = {
			isa = PBXGroup;
			children = (
				9BD8FFED29736CDD001FFFAF /* AppDelegate.swift */,
				9BD8FFEF29736CDD001FFFAF /* SceneDelegate.swift */,
				9BD8FFF129736CDD001FFFAF /* ViewController.swift */,
				9BD8FFF329736CDD001FFFAF /* Main.storyboard */,
				9BD8FFF629736CDE001FFFAF /* Assets.xcassets */,
				9BD8FFF829736CDE001FFFAF /* LaunchScreen.storyboard */,
				9BD8FFFB29736CDE001FFFAF /* Info.plist */,
			);
			path = Assignment1;
			sourceTree = "<group>";
		};
/* End PBXGroup section */

/* Begin PBXNativeTarget section */
		9BD8000929736CDE001FFFAF /* Assignment1UITests */ = {
			isa = PBXNativeTarget;
			buildConfigurationList = 9BD8001A29736CDE001FFFAF /* Build configuration list for PBXNativeTarget "Assignment1UITests" */;
			buildPhases = (
				9BD8000629736CDE001FFFAF /* Sources */,
				9BD8000729736CDE001FFFAF /* Frameworks */,
				9BD8000829736CDE001FFFAF /* Resources */,
			);
			buildRules = (
			);
			dependencies = (
				9BD8000C29736CDE001FFFAF /* PBXTargetDependency */,
			);
			name = Assignment1UITests;
			productName = Assignment1UITests;
			productReference = 9BD8000A29736CDE001FFFAF /* Assignment1UITests.xctest */;
			productType = "com.apple.product-type.bundle.ui-testing";
		};
		9BD8FFE929736CDD001FFFAF /* Assignment1 */ = {
			isa = PBXNativeTarget;
			buildConfigurationList = 9BD8001429736CDE001FFFAF /* Build configuration list for PBXNativeTarget "Assignment1" */;
			buildPhases = (
				9BD8FFE629736CDD001FFFAF /* Sources */,
				9BD8FFE729736CDD001FFFAF /* Frameworks */,
				9BD8FFE829736CDD001FFFAF /* Resources */,
			);
			buildRules = (
			);
			dependencies = (
			);
			name = Assignment1;
			productName = Assignment1;
			productReference = 9BD8FFEA29736CDD001FFFAF /* Assignment1.app */;
			productType = "com.apple.product-type.application";
		};
		9BD8FFFF29736CDE001FFFAF /* Assignment1Tests */ = {
			isa = PBXNativeTarget;
			buildConfigurationList = 9BD8001729736CDE001FFFAF /* Build configuration list for PBXNativeTarget "Assignment1Tests" */;
			buildPhases = (
				9BD8FFFC29736CDE001FFFAF /* Sources */,
				9BD8FFFD29736CDE001FFFAF /* Frameworks */,
				9BD8FFFE29736CDE001FFFAF /* Resources */,
			);
			buildRules = (
			);
			dependencies = (
				9BD8000229736CDE001FFFAF /* PBXTargetDependency */,
			);
			name = Assignment1Tests;
			productName = Assignment1Tests;
			productReference = 9BD8000029736CDE001FFFAF /* Assignment1Tests.xctest */;
			productType = "com.apple.product-type.bundle.unit-test";
		};
/* End PBXNativeTarget section */

/* Begin PBXProject section */
		9BD8FFE229736CDD001FFFAF /* Project object */ = {
			isa = PBXProject;
			attributes = {
				BuildIndependentTargetsInParallel = 1;
				LastSwiftUpdateCheck = 1420;
				LastUpgradeCheck = 1420;
				TargetAttributes = {
					9BD8000929736CDE001FFFAF = {
						CreatedOnToolsVersion = 14.2;
						TestTargetID = 9BD8FFE929736CDD001FFFAF;
					};
					9BD8FFE929736CDD001FFFAF = {
						CreatedOnToolsVersion = 14.2;
					};
					9BD8FFFF29736CDE001FFFAF = {
						CreatedOnToolsVersion = 14.2;
						TestTargetID = 9BD8FFE929736CDD001FFFAF;
					};
				};
			};
			buildConfigurationList = 9BD8FFE529736CDD001FFFAF /* Build configuration list for PBXProject "Assignment1" */;
			compatibilityVersion = "Xcode 14.0";
			developmentRegion = en;
			hasScannedForEncodings = 0;
			knownRegions = (
				en,
				Base,
			);
			mainGroup = 9BD8FFE129736CDD001FFFAF;
			productRefGroup = 9BD8FFEB29736CDD001FFFAF /* Products */;
			projectDirPath = "";
			projectRoot = "";
			targets = (
				9BD8FFE929736CDD001FFFAF /* Assignment1 */,
				9BD8FFFF29736CDE001FFFAF /* Assignment1Tests */,
				9BD8000929736CDE001FFFAF /* Assignment1UITests */,
			);
		};
/* End PBXProject section */

/* Begin PBXResourcesBuildPhase section */
		9BD8000829736CDE001FFFAF /* Resources */ = {
			isa = PBXResourcesBuildPhase;
			buildActionMask = 2147483647;
			files = (
			);
			runOnlyForDeploymentPostprocessing = 0;
		};
		9BD8FFE829736CDD001FFFAF /* Resources */ = {
			isa = PBXResourcesBuildPhase;
			buildActionMask = 2147483647;
			files = (
				9BD8FFFA29736CDE001FFFAF /* LaunchScreen.storyboard in Resources */,
				9BD8FFF729736CDE001FFFAF /* Assets.xcassets in Resources */,
				9BD8FFF529736CDD001FFFAF /* Main.storyboard in Resources */,
			);
			runOnlyForDeploymentPostprocessing = 0;
		};
		9BD8FFFE29736CDE001FFFAF /* Resources */ = {
			isa = PBXResourcesBuildPhase;
			buildActionMask = 2147483647;
			files = (
			);
			runOnlyForDeploymentPostprocessing = 0;
		};
/* End PBXResourcesBuildPhase section */

/* Begin PBXSourcesBuildPhase section */
		9BD8000629736CDE001FFFAF /* Sources */ = {
			isa = PBXSourcesBuildPhase;
			buildActionMask = 2147483647;
			files = (
				9BD8000F29736CDE001FFFAF /* Assignment1UITests.swift in Sources */,
				9BD8001129736CDE001FFFAF /* Assignment1UITestsLaunchTests.swift in Sources */,
			);
			runOnlyForDeploymentPostprocessing = 0;
		};
		9BD8FFE629736CDD001FFFAF /* Sources */ = {
			isa = PBXSourcesBuildPhase;
			buildActionMask = 2147483647;
			files = (
				9BD8FFF229736CDD001FFFAF /* ViewController.swift in Sources */,
				9BD8FFEE29736CDD001FFFAF /* AppDelegate.swift in Sources */,
				9BD8FFF029736CDD001FFFAF /* SceneDelegate.swift in Sources */,
			);
			runOnlyForDeploymentPostprocessing = 0;
		};
		9BD8FFFC29736CDE001FFFAF /* Sources */ = {
			isa = PBXSourcesBuildPhase;
			buildActionMask = 2147483647;
			files = (
				9BD8000529736CDE001FFFAF /* Assignment1Tests.swift in Sources */,
			);
			runOnlyForDeploymentPostprocessing = 0;
		};
/* End PBXSourcesBuildPhase section */

/* Begin PBXTargetDependency section */
		9BD8000229736CDE001FFFAF /* PBXTargetDependency */ = {
			isa = PBXTargetDependency;
			target = 9BD8FFE929736CDD001FFFAF /* Assignment1 */;
			targetProxy = 9BD8000129736CDE001FFFAF /* PBXContainerItemProxy */;
		};
		9BD8000C29736CDE001FFFAF /* PBXTargetDependency */ = {
			isa = PBXTargetDependency;
			target = 9BD8FFE929736CDD001FFFAF /* Assignment1 */;
			targetProxy = 9BD8000B29736CDE001FFFAF /* PBXContainerItemProxy */;
		};
/* End PBXTargetDependency section */

/* Begin PBXVariantGroup section */
		9BD8FFF329736CDD001FFFAF /* Main.storyboard */ = {
			isa = PBXVariantGroup;
			children = (
				9BD8FFF429736CDD001FFFAF /* Base */,
			);
			name = Main.storyboard;
			sourceTree = "<group>";
		};
		9BD8FFF829736CDE001FFFAF /* LaunchScreen.storyboard */ = {
			isa = PBXVariantGroup;
			children = (
				9BD8FFF929736CDE001FFFAF /* Base */,
			);
			name = LaunchScreen.storyboard;
			sourceTree = "<group>";
		};
/* End PBXVariantGroup section */

/* Begin XCBuildConfiguration section */
		9BD8001229736CDE001FFFAF /* Debug */ = {
			isa = XCBuildConfiguration;
			buildSettings = {
				ALWAYS_SEARCH_USER_PATHS = NO;
				CLANG_ANALYZER_NONNULL = YES;
				CLANG_ANALYZER_NUMBER_OBJECT_CONVERSION = YES_AGGRESSIVE;
				CLANG_CXX_LANGUAGE_STANDARD = "gnu++20";
				CLANG_ENABLE_MODULES = YES;
				CLANG_ENABLE_OBJC_ARC = YES;
				CLANG_ENABLE_OBJC_WEAK = YES;
				CLANG_WARN_BLOCK_CAPTURE_AUTORELEASING = YES;
				CLANG_WARN_BOOL_CONVERSION = YES;
				CLANG_WARN_COMMA = YES;
				CLANG_WARN_CONSTANT_CONVERSION = YES;
				CLANG_WARN_DEPRECATED_OBJC_IMPLEMENTATIONS = YES;
				CLANG_WARN_DIRECT_OBJC_ISA_USAGE = YES_ERROR;
				CLANG_WARN_DOCUMENTATION_COMMENTS = YES;
				CLANG_WARN_EMPTY_BODY = YES;
				CLANG_WARN_ENUM_CONVERSION = YES;
				CLANG_WARN_INFINITE_RECURSION = YES;
				CLANG_WARN_INT_CONVERSION = YES;
				CLANG_WARN_NON_LITERAL_NULL_CONVERSION = YES;
				CLANG_WARN_OBJC_IMPLICIT_RETAIN_SELF = YES;
				CLANG_WARN_OBJC_LITERAL_CONVERSION = YES;
				CLANG_WARN_OBJC_ROOT_CLASS = YES_ERROR;
				CLANG_WARN_QUOTED_INCLUDE_IN_FRAMEWORK_HEADER = YES;
				CLANG_WARN_RANGE_LOOP_ANALYSIS = YES;
				CLANG_WARN_STRICT_PROTOTYPES = YES;
				CLANG_WARN_SUSPICIOUS_MOVE = YES;
				CLANG_WARN_UNGUARDED_AVAILABILITY = YES_AGGRESSIVE;
				CLANG_WARN_UNREACHABLE_CODE = YES;
				CLANG_WARN__DUPLICATE_METHOD_MATCH = YES;
				COPY_PHASE_STRIP = NO;
				DEBUG_INFORMATION_FORMAT = dwarf;
				ENABLE_STRICT_OBJC_MSGSEND = YES;
				ENABLE_TESTABILITY = YES;
				GCC_C_LANGUAGE_STANDARD = gnu11;
				GCC_DYNAMIC_NO_PIC = NO;
				GCC_NO_COMMON_BLOCKS = YES;
				GCC_OPTIMIZATION_LEVEL = 0;
				GCC_PREPROCESSOR_DEFINITIONS = (
					"DEBUG=1",
					"$(inherited)",
				);
				GCC_WARN_64_TO_32_BIT_CONVERSION = YES;
				GCC_WARN_ABOUT_RETURN_TYPE = YES_ERROR;
				GCC_WARN_UNDECLARED_SELECTOR = YES;
				GCC_WARN_UNINITIALIZED_AUTOS = YES_AGGRESSIVE;
				GCC_WARN_UNUSED_FUNCTION = YES;
				GCC_WARN_UNUSED_VARIABLE = YES;
				IPHONEOS_DEPLOYMENT_TARGET = 16.2;
				MTL_ENABLE_DEBUG_INFO = INCLUDE_SOURCE;
				MTL_FAST_MATH = YES;
				ONLY_ACTIVE_ARCH = YES;
				SDKROOT = iphoneos;
				SWIFT_ACTIVE_COMPILATION_CONDITIONS = DEBUG;
				SWIFT_OPTIMIZATION_LEVEL = "-Onone";
			};
			name = Debug;
		};
		9BD8001329736CDE001FFFAF /* Release */ = {
			isa = XCBuildConfiguration;
			buildSettings = {
				ALWAYS_SEARCH_USER_PATHS = NO;
				CLANG_ANALYZER_NONNULL = YES;
				CLANG_ANALYZER_NUMBER_OBJECT_CONVERSION = YES_AGGRESSIVE;
				CLANG_CXX_LANGUAGE_STANDARD = "gnu++20";
				CLANG_ENABLE_MODULES = YES;
				CLANG_ENABLE_OBJC_ARC = YES;
				CLANG_ENABLE_OBJC_WEAK = YES;
				CLANG_WARN_BLOCK_CAPTURE_AUTORELEASING = YES;
				CLANG_WARN_BOOL_CONVERSION = YES;
				CLANG_WARN_COMMA = YES;
				CLANG_WARN_CONSTANT_CONVERSION = YES;
				CLANG_WARN_DEPRECATED_OBJC_IMPLEMENTATIONS = YES;
				CLANG_WARN_DIRECT_OBJC_ISA_USAGE = YES_ERROR;
				CLANG_WARN_DOCUMENTATION_COMMENTS = YES;
				CLANG_WARN_EMPTY_BODY = YES;
				CLANG_WARN_ENUM_CONVERSION = YES;
				CLANG_WARN_INFINITE_RECURSION = YES;
				CLANG_WARN_INT_CONVERSION = YES;
				CLANG_WARN_NON_LITERAL_NULL_CONVERSION = YES;
				CLANG_WARN_OBJC_IMPLICIT_RETAIN_SELF = YES;
				CLANG_WARN_OBJC_LITERAL_CONVERSION = YES;
				CLANG_WARN_OBJC_ROOT_CLASS = YES_ERROR;
				CLANG_WARN_QUOTED_INCLUDE_IN_FRAMEWORK_HEADER = YES;
				CLANG_WARN_RANGE_LOOP_ANALYSIS = YES;
				CLANG_WARN_STRICT_PROTOTYPES = YES;
				CLANG_WARN_SUSPICIOUS_MOVE = YES;
				CLANG_WARN_UNGUARDED_AVAILABILITY = YES_AGGRESSIVE;
				CLANG_WARN_UNREACHABLE_CODE = YES;
				CLANG_WARN__DUPLICATE_METHOD_MATCH = YES;
				COPY_PHASE_STRIP = NO;
				DEBUG_INFORMATION_FORMAT = "dwarf-with-dsym";
				ENABLE_NS_ASSERTIONS = NO;
				ENABLE_STRICT_OBJC_MSGSEND = YES;
				GCC_C_LANGUAGE_STANDARD = gnu11;
				GCC_NO_COMMON_BLOCKS = YES;
				GCC_WARN_64_TO_32_BIT_CONVERSION = YES;
				GCC_WARN_ABOUT_RETURN_TYPE = YES_ERROR;
				GCC_WARN_UNDECLARED_SELECTOR = YES;
				GCC_WARN_UNINITIALIZED_AUTOS = YES_AGGRESSIVE;
				GCC_WARN_UNUSED_FUNCTION = YES;
				GCC_WARN_UNUSED_VARIABLE = YES;
				IPHONEOS_DEPLOYMENT_TARGET = 16.2;
				MTL_ENABLE_DEBUG_INFO = NO;
				MTL_FAST_MATH = YES;
				SDKROOT = iphoneos;
				SWIFT_COMPILATION_MODE = wholemodule;
				SWIFT_OPTIMIZATION_LEVEL = "-O";
				VALIDATE_PRODUCT = YES;
			};
			name = Release;
		};
		9BD8001529736CDE001FFFAF /* Debug */ = {
			isa = XCBuildConfiguration;
			buildSettings = {
				ASSETCATALOG_COMPILER_APPICON_NAME = AppIcon;
				ASSETCATALOG_COMPILER_GLOBAL_ACCENT_COLOR_NAME = AccentColor;
				CODE_SIGN_STYLE = Automatic;
				CURRENT_PROJECT_VERSION = 1;
				GENERATE_INFOPLIST_FILE = YES;
				INFOPLIST_FILE = Assignment1/Info.plist;
				INFOPLIST_KEY_UIApplicationSupportsIndirectInputEvents = YES;
				INFOPLIST_KEY_UILaunchStoryboardName = LaunchScreen;
				INFOPLIST_KEY_UIMainStoryboardFile = Main;
				INFOPLIST_KEY_UISupportedInterfaceOrientations_iPad = "UIInterfaceOrientationPortrait UIInterfaceOrientationPortraitUpsideDown UIInterfaceOrientationLandscapeLeft UIInterfaceOrientationLandscapeRight";
				INFOPLIST_KEY_UISupportedInterfaceOrientations_iPhone = "UIInterfaceOrientationPortrait UIInterfaceOrientationLandscapeLeft UIInterfaceOrientationLandscapeRight";
				LD_RUNPATH_SEARCH_PATHS = (
					"$(inherited)",
					"@executable_path/Frameworks",
				);
				MARKETING_VERSION = 1.0;
				PRODUCT_BUNDLE_IDENTIFIER = AUCS.Assignment1;
				PRODUCT_NAME = "$(TARGET_NAME)";
				SWIFT_EMIT_LOC_STRINGS = YES;
				SWIFT_VERSION = 5.0;
				TARGETED_DEVICE_FAMILY = "1,2";
			};
			name = Debug;
		};
		9BD8001629736CDE001FFFAF /* Release */ = {
			isa = XCBuildConfiguration;
			buildSettings = {
				ASSETCATALOG_COMPILER_APPICON_NAME = AppIcon;
				ASSETCATALOG_COMPILER_GLOBAL_ACCENT_COLOR_NAME = AccentColor;
				CODE_SIGN_STYLE = Automatic;
				CURRENT_PROJECT_VERSION = 1;
				GENERATE_INFOPLIST_FILE = YES;
				INFOPLIST_FILE = Assignment1/Info.plist;
				INFOPLIST_KEY_UIApplicationSupportsIndirectInputEvents = YES;
				INFOPLIST_KEY_UILaunchStoryboardName = LaunchScreen;
				INFOPLIST_KEY_UIMainStoryboardFile = Main;
				INFOPLIST_KEY_UISupportedInterfaceOrientations_iPad = "UIInterfaceOrientationPortrait UIInterfaceOrientationPortraitUpsideDown UIInterfaceOrientationLandscapeLeft UIInterfaceOrientationLandscapeRight";
				INFOPLIST_KEY_UISupportedInterfaceOrientations_iPhone = "UIInterfaceOrientationPortrait UIInterfaceOrientationLandscapeLeft UIInterfaceOrientationLandscapeRight";
				LD_RUNPATH_SEARCH_PATHS = (
					"$(inherited)",
					"@executable_path/Frameworks",
				);
				MARKETING_VERSION = 1.0;
				PRODUCT_BUNDLE_IDENTIFIER = AUCS.Assignment1;
				PRODUCT_NAME = "$(TARGET_NAME)";
				SWIFT_EMIT_LOC_STRINGS = YES;
				SWIFT_VERSION = 5.0;
				TARGETED_DEVICE_FAMILY = "1,2";
			};
			name = Release;
		};
		9BD8001829736CDE001FFFAF /* Debug */ = {
			isa = XCBuildConfiguration;
			buildSettings = {
				ALWAYS_EMBED_SWIFT_STANDARD_LIBRARIES = YES;
				BUNDLE_LOADER = "$(TEST_HOST)";
				CODE_SIGN_STYLE = Automatic;
				CURRENT_PROJECT_VERSION = 1;
				GENERATE_INFOPLIST_FILE = YES;
				IPHONEOS_DEPLOYMENT_TARGET = 16.2;
				MARKETING_VERSION = 1.0;
				PRODUCT_BUNDLE_IDENTIFIER = AUCS.Assignment1Tests;
				PRODUCT_NAME = "$(TARGET_NAME)";
				SWIFT_EMIT_LOC_STRINGS = NO;
				SWIFT_VERSION = 5.0;
				TARGETED_DEVICE_FAMILY = "1,2";
				TEST_HOST = "$(BUILT_PRODUCTS_DIR)/Assignment1.app/$(BUNDLE_EXECUTABLE_FOLDER_PATH)/Assignment1";
			};
			name = Debug;
		};
		9BD8001929736CDE001FFFAF /* Release */ = {
			isa = XCBuildConfiguration;
			buildSettings = {
				ALWAYS_EMBED_SWIFT_STANDARD_LIBRARIES = YES;
				BUNDLE_LOADER = "$(TEST_HOST)";
				CODE_SIGN_STYLE = Automatic;
				CURRENT_PROJECT_VERSION = 1;
				GENERATE_INFOPLIST_FILE = YES;
				IPHONEOS_DEPLOYMENT_TARGET = 16.2;
				MARKETING_VERSION = 1.0;
				PRODUCT_BUNDLE_IDENTIFIER = AUCS.Assignment1Tests;
				PRODUCT_NAME = "$(TARGET_NAME)";
				SWIFT_EMIT_LOC_STRINGS = NO;
				SWIFT_VERSION = 5.0;
				TARGETED_DEVICE_FAMILY = "1,2";
				TEST_HOST = "$(BUILT_PRODUCTS_DIR)/Assignment1.app/$(BUNDLE_EXECUTABLE_FOLDER_PATH)/Assignment1";
			};
			name = Release;
		};
		9BD8001B29736CDE001FFFAF /* Debug */ = {
			isa = XCBuildConfiguration;
			buildSettings = {
				ALWAYS_EMBED_SWIFT_STANDARD_LIBRARIES = YES;
				CODE_SIGN_STYLE = Automatic;
				CURRENT_PROJECT_VERSION = 1;
				GENERATE_INFOPLIST_FILE = YES;
				MARKETING_VERSION = 1.0;
				PRODUCT_BUNDLE_IDENTIFIER = AUCS.Assignment1UITests;
				PRODUCT_NAME = "$(TARGET_NAME)";
				SWIFT_EMIT_LOC_STRINGS = NO;
				SWIFT_VERSION = 5.0;
				TARGETED_DEVICE_FAMILY = "1,2";
				TEST_TARGET_NAME = Assignment1;
			};
			name = Debug;
		};
		9BD8001C29736CDE001FFFAF /* Release */ = {
			isa = XCBuildConfiguration;
			buildSettings = {
				ALWAYS_EMBED_SWIFT_STANDARD_LIBRARIES = YES;
				CODE_SIGN_STYLE = Automatic;
				CURRENT_PROJECT_VERSION = 1;
				GENERATE_INFOPLIST_FILE = YES;
				MARKETING_VERSION = 1.0;
				PRODUCT_BUNDLE_IDENTIFIER = AUCS.Assignment1UITests;
				PRODUCT_NAME = "$(TARGET_NAME)";
				SWIFT_EMIT_LOC_STRINGS = NO;
				SWIFT_VERSION = 5.0;
				TARGETED_DEVICE_FAMILY = "1,2";
				TEST_TARGET_NAME = Assignment1;
			};
			name = Release;
		};
/* End XCBuildConfiguration section */

/* Begin XCConfigurationList section */
		9BD8001429736CDE001FFFAF /* Build configuration list for PBXNativeTarget "Assignment1" */ = {
			isa = XCConfigurationList;
			buildConfigurations = (
				9BD8001529736CDE001FFFAF /* Debug */,
				9BD8001629736CDE001FFFAF /* Release */,
			);
			defaultConfigurationIsVisible = 0;
			defaultConfigurationName = Release;
		};
		9BD8001729736CDE001FFFAF /* Build configuration list for PBXNativeTarget "Assignment1Tests" */ = {
			isa = XCConfigurationList;
			buildConfigurations = (
				9BD8001829736CDE001FFFAF /* Debug */,
				9BD8001929736CDE001FFFAF /* Release */,
			);
			defaultConfigurationIsVisible = 0;
			defaultConfigurationName = Release;
		};
		9BD8001A29736CDE001FFFAF /* Build configuration list for PBXNativeTarget "Assignment1UITests" */ = {
			isa = XCConfigurationList;
			buildConfigurations = (
				9BD8001B29736CDE001FFFAF /* Debug */,
				9BD8001C29736CDE001FFFAF /* Release */,
			);
			defaultConfigurationIsVisible = 0;
			defaultConfigurationName = Release;
		};
		9BD8FFE529736CDD001FFFAF /* Build configuration list for PBXProject "Assignment1" */ = {
			isa = XCConfigurationList;
			buildConfigurations = (
				9BD8001229736CDE001FFFAF /* Debug */,
				9BD8001329736CDE001FFFAF /* Release */,
			);
			defaultConfigurationIsVisible = 0;
			defaultConfigurationName = Release;
		};
/* End XCConfigurationList section */
	};
	rootObject = 9BD8FFE229736CDD001FFFAF /* Project object */;
}
